
Microsoft Visual Studio Solution File, Format Version 12.00
Project("{FAE04EC0-301F-11D3-BF4B-00C04F79EFBC}") = "Play.Catalog.Service", "Play.Catalog.Service\Play.Catalog.Service.csproj", "{F8A5FBBE-B7C2-47C4-B639-0641A2988619}"
EndProject
Project("{FAE04EC0-301F-11D3-BF4B-00C04F79EFBC}") = "Play.Catalog.Service.Tests", "Play.Catalog.Service.Tests\Play.Catalog.Service.Tests.csproj", "{E24F42DA-5924-42FA-A4ED-CEAFD1B9EFC1}"
EndProject
Global
	GlobalSection(SolutionConfigurationPlatforms) = preSolution
		Debug|Any CPU = Debug|Any CPU
		Release|Any CPU = Release|Any CPU
	EndGlobalSection
	GlobalSection(ProjectConfigurationPlatforms) = postSolution
		{F8A5FBBE-B7C2-47C4-B639-0641A2988619}.Debug|Any CPU.ActiveCfg = Debug|Any CPU
		{F8A5FBBE-B7C2-47C4-B639-0641A2988619}.Debug|Any CPU.Build.0 = Debug|Any CPU
		{F8A5FBBE-B7C2-47C4-B639-0641A2988619}.Release|Any CPU.ActiveCfg = Release|Any CPU
		{F8A5FBBE-B7C2-47C4-B639-0641A2988619}.Release|Any CPU.Build.0 = Release|Any CPU
		{E24F42DA-5924-42FA-A4ED-CEAFD1B9EFC1}.Debug|Any CPU.ActiveCfg = Debug|Any CPU
		{E24F42DA-5924-42FA-A4ED-CEAFD1B9EFC1}.Debug|Any CPU.Build.0 = Debug|Any CPU
		{E24F42DA-5924-42FA-A4ED-CEAFD1B9EFC1}.Release|Any CPU.ActiveCfg = Release|Any CPU
		{E24F42DA-5924-42FA-A4ED-CEAFD1B9EFC1}.Release|Any CPU.Build.0 = Release|Any CPU
	EndGlobalSection
EndGlobal
